// !$*UTF8*$!
{
	archiveVersion = 1;
	classes = {
	};
	objectVersion = 46;
	objects = {

/* Begin PBXBuildFile section */
		AFF2A6121A4CC3DF005F5425 /* AppDelegate.swift in Sources */ = {isa = PBXBuildFile; fileRef = AFF2A6111A4CC3DF005F5425 /* AppDelegate.swift */; };
		AFF2A6141A4CC3DF005F5425 /* ViewController.swift in Sources */ = {isa = PBXBuildFile; fileRef = AFF2A6131A4CC3DF005F5425 /* ViewController.swift */; };
		AFF2A6171A4CC3DF005F5425 /* Main.storyboard in Resources */ = {isa = PBXBuildFile; fileRef = AFF2A6151A4CC3DF005F5425 /* Main.storyboard */; };
		AFF2A6191A4CC3DF005F5425 /* Images.xcassets in Resources */ = {isa = PBXBuildFile; fileRef = AFF2A6181A4CC3DF005F5425 /* Images.xcassets */; };
		AFF2A61C1A4CC3DF005F5425 /* LaunchScreen.xib in Resources */ = {isa = PBXBuildFile; fileRef = AFF2A61A1A4CC3DF005F5425 /* LaunchScreen.xib */; };
		AFF2A6281A4CC3DF005F5425 /* PostcardTests.swift in Sources */ = {isa = PBXBuildFile; fileRef = AFF2A6271A4CC3DF005F5425 /* PostcardTests.swift */; };
		AFF2A6321A4CC775005F5425 /* SagradaFamilia.jpeg in Resources */ = {isa = PBXBuildFile; fileRef = AFF2A6311A4CC775005F5425 /* SagradaFamilia.jpeg */; };
		AFF2A6341A4CD612005F5425 /* AlbertEinsteinStamp.jpg in Resources */ = {isa = PBXBuildFile; fileRef = AFF2A6331A4CD612005F5425 /* AlbertEinsteinStamp.jpg */; };
/* End PBXBuildFile section */

/* Begin PBXContainerItemProxy section */
		AFF2A6221A4CC3DF005F5425 /* PBXContainerItemProxy */ = {
			isa = PBXContainerItemProxy;
			containerPortal = AFF2A6041A4CC3DF005F5425 /* Project object */;
			proxyType = 1;
			remoteGlobalIDString = AFF2A60B1A4CC3DF005F5425;
			remoteInfo = Postcard;
		};
/* End PBXContainerItemProxy section */

/* Begin PBXFileReference section */
		AFF2A60C1A4CC3DF005F5425 /* Postcard.app */ = {isa = PBXFileReference; explicitFileType = wrapper.application; includeInIndex = 0; path = Postcard.app; sourceTree = BUILT_PRODUCTS_DIR; };
		AFF2A6101A4CC3DF005F5425 /* Info.plist */ = {isa = PBXFileReference; lastKnownFileType = text.plist.xml; path = Info.plist; sourceTree = "<group>"; };
		AFF2A6111A4CC3DF005F5425 /* AppDelegate.swift */ = {isa = PBXFileReference; lastKnownFileType = sourcecode.swift; path = AppDelegate.swift; sourceTree = "<group>"; };
		AFF2A6131A4CC3DF005F5425 /* ViewController.swift */ = {isa = PBXFileReference; lastKnownFileType = sourcecode.swift; path = ViewController.swift; sourceTree = "<group>"; };
		AFF2A6161A4CC3DF005F5425 /* Base */ = {isa = PBXFileReference; lastKnownFileType = file.storyboard; name = Base; path = Base.lproj/Main.storyboard; sourceTree = "<group>"; };
		AFF2A6181A4CC3DF005F5425 /* Images.xcassets */ = {isa = PBXFileReference; lastKnownFileType = folder.assetcatalog; path = Images.xcassets; sourceTree = "<group>"; };
		AFF2A61B1A4CC3DF005F5425 /* Base */ = {isa = PBXFileReference; lastKnownFileType = file.xib; name = Base; path = Base.lproj/LaunchScreen.xib; sourceTree = "<group>"; };
		AFF2A6211A4CC3DF005F5425 /* PostcardTests.xctest */ = {isa = PBXFileReference; explicitFileType = wrapper.cfbundle; includeInIndex = 0; path = PostcardTests.xctest; sourceTree = BUILT_PRODUCTS_DIR; };
		AFF2A6261A4CC3DF005F5425 /* Info.plist */ = {isa = PBXFileReference; lastKnownFileType = text.plist.xml; path = Info.plist; sourceTree = "<group>"; };
		AFF2A6271A4CC3DF005F5425 /* PostcardTests.swift */ = {isa = PBXFileReference; lastKnownFileType = sourcecode.swift; path = PostcardTests.swift; sourceTree = "<group>"; };
		AFF2A6311A4CC775005F5425 /* SagradaFamilia.jpeg */ = {isa = PBXFileReference; lastKnownFileType = image.jpeg; path = SagradaFamilia.jpeg; sourceTree = "<group>"; };
		AFF2A6331A4CD612005F5425 /* AlbertEinsteinStamp.jpg */ = {isa = PBXFileReference; lastKnownFileType = image.jpeg; path = AlbertEinsteinStamp.jpg; sourceTree = "<group>"; };
/* End PBXFileReference section */

/* Begin PBXFrameworksBuildPhase section */
		AFF2A6091A4CC3DF005F5425 /* Frameworks */ = {
			isa = PBXFrameworksBuildPhase;
			buildActionMask = 2147483647;
			files = (
			);
			runOnlyForDeploymentPostprocessing = 0;
		};
		AFF2A61E1A4CC3DF005F5425 /* Frameworks */ = {
			isa = PBXFrameworksBuildPhase;
			buildActionMask = 2147483647;
			files = (
			);
			runOnlyForDeploymentPostprocessing = 0;
		};
/* End PBXFrameworksBuildPhase section */

/* Begin PBXGroup section */
		AFF2A6031A4CC3DF005F5425 = {
			isa = PBXGroup;
			children = (
				AFF2A60E1A4CC3DF005F5425 /* Postcard */,
				AFF2A6241A4CC3DF005F5425 /* PostcardTests */,
				AFF2A60D1A4CC3DF005F5425 /* Products */,
			);
			sourceTree = "<group>";
		};
		AFF2A60D1A4CC3DF005F5425 /* Products */ = {
			isa = PBXGroup;
			children = (
				AFF2A60C1A4CC3DF005F5425 /* Postcard.app */,
				AFF2A6211A4CC3DF005F5425 /* PostcardTests.xctest */,
			);
			name = Products;
			sourceTree = "<group>";
		};
		AFF2A60E1A4CC3DF005F5425 /* Postcard */ = {
			isa = PBXGroup;
			children = (
				AFF2A6111A4CC3DF005F5425 /* AppDelegate.swift */,
				AFF2A6131A4CC3DF005F5425 /* ViewController.swift */,
				AFF2A6151A4CC3DF005F5425 /* Main.storyboard */,
				AFF2A6181A4CC3DF005F5425 /* Images.xcassets */,
				AFF2A61A1A4CC3DF005F5425 /* LaunchScreen.xib */,
				AFF2A60F1A4CC3DF005F5425 /* Supporting Files */,
			);
			path = Postcard;
			sourceTree = "<group>";
		};
		AFF2A60F1A4CC3DF005F5425 /* Supporting Files */ = {
			isa = PBXGroup;
			children = (
				AFF2A6331A4CD612005F5425 /* AlbertEinsteinStamp.jpg */,
				AFF2A6311A4CC775005F5425 /* SagradaFamilia.jpeg */,
				AFF2A6101A4CC3DF005F5425 /* Info.plist */,
			);
			name = "Supporting Files";
			sourceTree = "<group>";
		};
		AFF2A6241A4CC3DF005F5425 /* PostcardTests */ = {
			isa = PBXGroup;
			children = (
				AFF2A6271A4CC3DF005F5425 /* PostcardTests.swift */,
				AFF2A6251A4CC3DF005F5425 /* Supporting Files */,
			);
			path = PostcardTests;
			sourceTree = "<group>";
		};
		AFF2A6251A4CC3DF005F5425 /* Supporting Files */ = {
			isa = PBXGroup;
			children = (
				AFF2A6261A4CC3DF005F5425 /* Info.plist */,
			);
			name = "Supporting Files";
			sourceTree = "<group>";
		};
/* End PBXGroup section */

/* Begin PBXNativeTarget section */
		AFF2A60B1A4CC3DF005F5425 /* Postcard */ = {
			isa = PBXNativeTarget;
			buildConfigurationList = AFF2A62B1A4CC3DF005F5425 /* Build configuration list for PBXNativeTarget "Postcard" */;
			buildPhases = (
				AFF2A6081A4CC3DF005F5425 /* Sources */,
				AFF2A6091A4CC3DF005F5425 /* Frameworks */,
				AFF2A60A1A4CC3DF005F5425 /* Resources */,
			);
			buildRules = (
			);
			dependencies = (
			);
			name = Postcard;
			productName = Postcard;
			productReference = AFF2A60C1A4CC3DF005F5425 /* Postcard.app */;
			productType = "com.apple.product-type.application";
		};
		AFF2A6201A4CC3DF005F5425 /* PostcardTests */ = {
			isa = PBXNativeTarget;
			buildConfigurationList = AFF2A62E1A4CC3DF005F5425 /* Build configuration list for PBXNativeTarget "PostcardTests" */;
			buildPhases = (
				AFF2A61D1A4CC3DF005F5425 /* Sources */,
				AFF2A61E1A4CC3DF005F5425 /* Frameworks */,
				AFF2A61F1A4CC3DF005F5425 /* Resources */,
			);
			buildRules = (
			);
			dependencies = (
				AFF2A6231A4CC3DF005F5425 /* PBXTargetDependency */,
			);
			name = PostcardTests;
			productName = PostcardTests;
			productReference = AFF2A6211A4CC3DF005F5425 /* PostcardTests.xctest */;
			productType = "com.apple.product-type.bundle.unit-test";
		};
/* End PBXNativeTarget section */

/* Begin PBXProject section */
		AFF2A6041A4CC3DF005F5425 /* Project object */ = {
			isa = PBXProject;
			attributes = {
				LastUpgradeCheck = 0610;
				ORGANIZATIONNAME = "Mathew Roniss";
				TargetAttributes = {
					AFF2A60B1A4CC3DF005F5425 = {
						CreatedOnToolsVersion = 6.1.1;
					};
					AFF2A6201A4CC3DF005F5425 = {
						CreatedOnToolsVersion = 6.1.1;
						TestTargetID = AFF2A60B1A4CC3DF005F5425;
					};
				};
			};
			buildConfigurationList = AFF2A6071A4CC3DF005F5425 /* Build configuration list for PBXProject "Postcard" */;
			compatibilityVersion = "Xcode 3.2";
			developmentRegion = English;
			hasScannedForEncodings = 0;
			knownRegions = (
				en,
				Base,
			);
			mainGroup = AFF2A6031A4CC3DF005F5425;
			productRefGroup = AFF2A60D1A4CC3DF005F5425 /* Products */;
			projectDirPath = "";
			projectRoot = "";
			targets = (
				AFF2A60B1A4CC3DF005F5425 /* Postcard */,
				AFF2A6201A4CC3DF005F5425 /* PostcardTests */,
			);
		};
/* End PBXProject section */

/* Begin PBXResourcesBuildPhase section */
		AFF2A60A1A4CC3DF005F5425 /* Resources */ = {
			isa = PBXResourcesBuildPhase;
			buildActionMask = 2147483647;
			files = (
				AFF2A6171A4CC3DF005F5425 /* Main.storyboard in Resources */,
				AFF2A6321A4CC775005F5425 /* SagradaFamilia.jpeg in Resources */,
				AFF2A6341A4CD612005F5425 /* AlbertEinsteinStamp.jpg in Resources */,
				AFF2A61C1A4CC3DF005F5425 /* LaunchScreen.xib in Resources */,
				AFF2A6191A4CC3DF005F5425 /* Images.xcassets in Resources */,
			);
			runOnlyForDeploymentPostprocessing = 0;
		};
		AFF2A61F1A4CC3DF005F5425 /* Resources */ = {
			isa = PBXResourcesBuildPhase;
			buildActionMask = 2147483647;
			files = (
			);
			runOnlyForDeploymentPostprocessing = 0;
		};
/* End PBXResourcesBuildPhase section */

/* Begin PBXSourcesBuildPhase section */
		AFF2A6081A4CC3DF005F5425 /* Sources */ = {
			isa = PBXSourcesBuildPhase;
			buildActionMask = 2147483647;
			files = (
				AFF2A6141A4CC3DF005F5425 /* ViewController.swift in Sources */,
				AFF2A6121A4CC3DF005F5425 /* AppDelegate.swift in Sources */,
			);
			runOnlyForDeploymentPostprocessing = 0;
		};
		AFF2A61D1A4CC3DF005F5425 /* Sources */ = {
			isa = PBXSourcesBuildPhase;
			buildActionMask = 2147483647;
			files = (
				AFF2A6281A4CC3DF005F5425 /* PostcardTests.swift in Sources */,
			);
			runOnlyForDeploymentPostprocessing = 0;
		};
/* End PBXSourcesBuildPhase section */

/* Begin PBXTargetDependency section */
		AFF2A6231A4CC3DF005F5425 /* PBXTargetDependency */ = {
			isa = PBXTargetDependency;
			target = AFF2A60B1A4CC3DF005F5425 /* Postcard */;
			targetProxy = AFF2A6221A4CC3DF005F5425 /* PBXContainerItemProxy */;
		};
/* End PBXTargetDependency section */

/* Begin PBXVariantGroup section */
		AFF2A6151A4CC3DF005F5425 /* Main.storyboard */ = {
			isa = PBXVariantGroup;
			children = (
				AFF2A6161A4CC3DF005F5425 /* Base */,
			);
			name = Main.storyboard;
			sourceTree = "<group>";
		};
		AFF2A61A1A4CC3DF005F5425 /* LaunchScreen.xib */ = {
			isa = PBXVariantGroup;
			children = (
				AFF2A61B1A4CC3DF005F5425 /* Base */,
			);
			name = LaunchScreen.xib;
			sourceTree = "<group>";
		};
/* End PBXVariantGroup section */

/* Begin XCBuildConfiguration section */
		AFF2A6291A4CC3DF005F5425 /* Debug */ = {
			isa = XCBuildConfiguration;
			buildSettings = {
				ALWAYS_SEARCH_USER_PATHS = NO;
				CLANG_CXX_LANGUAGE_STANDARD = "gnu++0x";
				CLANG_CXX_LIBRARY = "libc++";
				CLANG_ENABLE_MODULES = YES;
				CLANG_ENABLE_OBJC_ARC = YES;
				CLANG_WARN_BOOL_CONVERSION = YES;
				CLANG_WARN_CONSTANT_CONVERSION = YES;
				CLANG_WARN_DIRECT_OBJC_ISA_USAGE = YES_ERROR;
				CLANG_WARN_EMPTY_BODY = YES;
				CLANG_WARN_ENUM_CONVERSION = YES;
				CLANG_WARN_INT_CONVERSION = YES;
				CLANG_WARN_OBJC_ROOT_CLASS = YES_ERROR;
				CLANG_WARN_UNREACHABLE_CODE = YES;
				CLANG_WARN__DUPLICATE_METHOD_MATCH = YES;
				"CODE_SIGN_IDENTITY[sdk=iphoneos*]" = "iPhone Developer";
				COPY_PHASE_STRIP = NO;
				ENABLE_STRICT_OBJC_MSGSEND = YES;
				GCC_C_LANGUAGE_STANDARD = gnu99;
				GCC_DYNAMIC_NO_PIC = NO;
				GCC_OPTIMIZATION_LEVEL = 0;
				GCC_PREPROCESSOR_DEFINITIONS = (
					"DEBUG=1",
					"$(inherited)",
				);
				GCC_SYMBOLS_PRIVATE_EXTERN = NO;
				GCC_WARN_64_TO_32_BIT_CONVERSION = YES;
				GCC_WARN_ABOUT_RETURN_TYPE = YES_ERROR;
				GCC_WARN_UNDECLARED_SELECTOR = YES;
				GCC_WARN_UNINITIALIZED_AUTOS = YES_AGGRESSIVE;
				GCC_WARN_UNUSED_FUNCTION = YES;
				GCC_WARN_UNUSED_VARIABLE = YES;
				IPHONEOS_DEPLOYMENT_TARGET = 8.1;
				MTL_ENABLE_DEBUG_INFO = YES;
				ONLY_ACTIVE_ARCH = YES;
				SDKROOT = iphoneos;
				SWIFT_OPTIMIZATION_LEVEL = "-Onone";
				TARGETED_DEVICE_FAMILY = "1,2";
			};
			name = Debug;
		};
		AFF2A62A1A4CC3DF005F5425 /* Release */ = {
			isa = XCBuildConfiguration;
			buildSettings = {
				ALWAYS_SEARCH_USER_PATHS = NO;
				CLANG_CXX_LANGUAGE_STANDARD = "gnu++0x";
				CLANG_CXX_LIBRARY = "libc++";
				CLANG_ENABLE_MODULES = YES;
				CLANG_ENABLE_OBJC_ARC = YES;
				CLANG_WARN_BOOL_CONVERSION = YES;
				CLANG_WARN_CONSTANT_CONVERSION = YES;
				CLANG_WARN_DIRECT_OBJC_ISA_USAGE = YES_ERROR;
				CLANG_WARN_EMPTY_BODY = YES;
				CLANG_WARN_ENUM_CONVERSION = YES;
				CLANG_WARN_INT_CONVERSION = YES;
				CLANG_WARN_OBJC_ROOT_CLASS = YES_ERROR;
				CLANG_WARN_UNREACHABLE_CODE = YES;
				CLANG_WARN__DUPLICATE_METHOD_MATCH = YES;
				"CODE_SIGN_IDENTITY[sdk=iphoneos*]" = "iPhone Developer";
				COPY_PHASE_STRIP = YES;
				ENABLE_NS_ASSERTIONS = NO;
				ENABLE_STRICT_OBJC_MSGSEND = YES;
				GCC_C_LANGUAGE_STANDARD = gnu99;
				GCC_WARN_64_TO_32_BIT_CONVERSION = YES;
				GCC_WARN_ABOUT_RETURN_TYPE = YES_ERROR;
				GCC_WARN_UNDECLARED_SELECTOR = YES;
				GCC_WARN_UNINITIALIZED_AUTOS = YES_AGGRESSIVE;
				GCC_WARN_UNUSED_FUNCTION = YES;
				GCC_WARN_UNUSED_VARIABLE = YES;
				IPHONEOS_DEPLOYMENT_TARGET = 8.1;
				MTL_ENABLE_DEBUG_INFO = NO;
				SDKROOT = iphoneos;
				TARGETED_DEVICE_FAMILY = "1,2";
				VALIDATE_PRODUCT = YES;
			};
			name = Release;
		};
		AFF2A62C1A4CC3DF005F5425 /* Debug */ = {
			isa = XCBuildConfiguration;
			buildSettings = {
				ASSETCATALOG_COMPILER_APPICON_NAME = AppIcon;
				INFOPLIST_FILE = Postcard/Info.plist;
				LD_RUNPATH_SEARCH_PATHS = "$(inherited) @executable_path/Frameworks";
				PRODUCT_NAME = "$(TARGET_NAME)";
			};
			name = Debug;
		};
		AFF2A62D1A4CC3DF005F5425 /* Release */ = {
			isa = XCBuildConfiguration;
			buildSettings = {
				ASSETCATALOG_COMPILER_APPICON_NAME = AppIcon;
				INFOPLIST_FILE = Postcard/Info.plist;
				LD_RUNPATH_SEARCH_PATHS = "$(inherited) @executable_path/Frameworks";
				PRODUCT_NAME = "$(TARGET_NAME)";
			};
			name = Release;
		};
		AFF2A62F1A4CC3DF005F5425 /* Debug */ = {
			isa = XCBuildConfiguration;
			buildSettings = {
				BUNDLE_LOADER = "$(TEST_HOST)";
				FRAMEWORK_SEARCH_PATHS = (
					"$(SDKROOT)/Developer/Library/Frameworks",
					"$(inherited)",
				);
				GCC_PREPROCESSOR_DEFINITIONS = (
					"DEBUG=1",
					"$(inherited)",
				);
				INFOPLIST_FILE = PostcardTests/Info.plist;
				LD_RUNPATH_SEARCH_PATHS = "$(inherited) @executable_path/Frameworks @loader_path/Frameworks";
				PRODUCT_NAME = "$(TARGET_NAME)";
				TEST_HOST = "$(BUILT_PRODUCTS_DIR)/Postcard.app/Postcard";
			};
			name = Debug;
		};
		AFF2A6301A4CC3DF005F5425 /* Release */ = {
			isa = XCBuildConfiguration;
			buildSettings = {
				BUNDLE_LOADER = "$(TEST_HOST)";
				FRAMEWORK_SEARCH_PATHS = (
					"$(SDKROOT)/Developer/Library/Frameworks",
					"$(inherited)",
				);
				INFOPLIST_FILE = PostcardTests/Info.plist;
				LD_RUNPATH_SEARCH_PATHS = "$(inherited) @executable_path/Frameworks @loader_path/Frameworks";
				PRODUCT_NAME = "$(TARGET_NAME)";
				TEST_HOST = "$(BUILT_PRODUCTS_DIR)/Postcard.app/Postcard";
			};
			name = Release;
		};
/* End XCBuildConfiguration section */

/* Begin XCConfigurationList section */
		AFF2A6071A4CC3DF005F5425 /* Build configuration list for PBXProject "Postcard" */ = {
			isa = XCConfigurationList;
			buildConfigurations = (
				AFF2A6291A4CC3DF005F5425 /* Debug */,
				AFF2A62A1A4CC3DF005F5425 /* Release */,
			);
			defaultConfigurationIsVisible = 0;
			defaultConfigurationName = Release;
		};
		AFF2A62B1A4CC3DF005F5425 /* Build configuration list for PBXNativeTarget "Postcard" */ = {
			isa = XCConfigurationList;
			buildConfigurations = (
				AFF2A62C1A4CC3DF005F5425 /* Debug */,
				AFF2A62D1A4CC3DF005F5425 /* Release */,
			);
			defaultConfigurationIsVisible = 0;
		};
		AFF2A62E1A4CC3DF005F5425 /* Build configuration list for PBXNativeTarget "PostcardTests" */ = {
			isa = XCConfigurationList;
			buildConfigurations = (
				AFF2A62F1A4CC3DF005F5425 /* Debug */,
				AFF2A6301A4CC3DF005F5425 /* Release */,
			);
			defaultConfigurationIsVisible = 0;
		};
/* End XCConfigurationList section */
	};
	rootObject = AFF2A6041A4CC3DF005F5425 /* Project object */;
}
